
Microsoft Visual Studio Solution File, Format Version 12.00
# Visual Studio Version 16
VisualStudioVersion = 16.0.29613.14
MinimumVisualStudioVersion = 10.0.40219.1
Project("{FAE04EC0-301F-11D3-BF4B-00C04F79EFBC}") = "tomcMatijaProtekloITekuceVrijeme", "tomcMatijaProtekloITekuceVrijeme\tomcMatijaProtekloITekuceVrijeme.csproj", "{CAAC3C88-8643-4DFC-ABA9-AD890B81ECE5}"
EndProject
Global
	GlobalSection(SolutionConfigurationPlatforms) = preSolution
		Debug|Any CPU = Debug|Any CPU
		Release|Any CPU = Release|Any CPU
	EndGlobalSection
	GlobalSection(ProjectConfigurationPlatforms) = postSolution
		{CAAC3C88-8643-4DFC-ABA9-AD890B81ECE5}.Debug|Any CPU.ActiveCfg = Debug|Any CPU
		{CAAC3C88-8643-4DFC-ABA9-AD890B81ECE5}.Debug|Any CPU.Build.0 = Debug|Any CPU
		{CAAC3C88-8643-4DFC-ABA9-AD890B81ECE5}.Release|Any CPU.ActiveCfg = Release|Any CPU
		{CAAC3C88-8643-4DFC-ABA9-AD890B81ECE5}.Release|Any CPU.Build.0 = Release|Any CPU
	EndGlobalSection
	GlobalSection(SolutionProperties) = preSolution
		HideSolutionNode = FALSE
	EndGlobalSection
	GlobalSection(ExtensibilityGlobals) = postSolution
		SolutionGuid = {668AC8B9-8466-43E4-8642-5067B7E4552C}
	EndGlobalSection
EndGlobal
